
Microsoft Visual Studio Solution File, Format Version 12.00
# Visual Studio Version 17
VisualStudioVersion = 17.9.34310.174
MinimumVisualStudioVersion = 10.0.40219.1
Project("{FAE04EC0-301F-11D3-BF4B-00C04F79EFBC}") = "JPSoftworks.EditorBar", "src\EditorBar\JPSoftworks.EditorBar.csproj", "{097E6F5A-F198-49F5-B4CC-28128E82FE43}"
EndProject
Project("{2150E333-8FDC-42A3-9474-1A3956D46DE8}") = "Solution Items", "Solution Items", "{7FAD5B22-8341-4C9B-ACE6-4BE9AAD2D3EF}"
	ProjectSection(SolutionItems) = preProject
		.editorconfig = .editorconfig
		LICENSE.txt = LICENSE.txt
		README.md = README.md
	EndProjectSection
EndProject
Global
	GlobalSection(SolutionConfigurationPlatforms) = preSolution
		Debug|Any CPU = Debug|Any CPU
		Debug|arm64 = Debug|arm64
		Debug|x86 = Debug|x86
		Release|Any CPU = Release|Any CPU
		Release|arm64 = Release|arm64
		Release|x86 = Release|x86
	EndGlobalSection
	GlobalSection(ProjectConfigurationPlatforms) = postSolution
		{097E6F5A-F198-49F5-B4CC-28128E82FE43}.Debug|Any CPU.ActiveCfg = Debug|Any CPU
		{097E6F5A-F198-49F5-B4CC-28128E82FE43}.Debug|Any CPU.Build.0 = Debug|Any CPU
		{097E6F5A-F198-49F5-B4CC-28128E82FE43}.Debug|arm64.ActiveCfg = Debug|arm64
		{097E6F5A-F198-49F5-B4CC-28128E82FE43}.Debug|arm64.Build.0 = Debug|arm64
		{097E6F5A-F198-49F5-B4CC-28128E82FE43}.Debug|x86.ActiveCfg = Debug|x86
		{097E6F5A-F198-49F5-B4CC-28128E82FE43}.Debug|x86.Build.0 = Debug|x86
		{097E6F5A-F198-49F5-B4CC-28128E82FE43}.Release|Any CPU.ActiveCfg = Release|Any CPU
		{097E6F5A-F198-49F5-B4CC-28128E82FE43}.Release|Any CPU.Build.0 = Release|Any CPU
		{097E6F5A-F198-49F5-B4CC-28128E82FE43}.Release|arm64.ActiveCfg = Release|arm64
		{097E6F5A-F198-49F5-B4CC-28128E82FE43}.Release|arm64.Build.0 = Release|arm64
		{097E6F5A-F198-49F5-B4CC-28128E82FE43}.Release|x86.ActiveCfg = Release|x86
		{097E6F5A-F198-49F5-B4CC-28128E82FE43}.Release|x86.Build.0 = Release|x86
	EndGlobalSection
	GlobalSection(SolutionProperties) = preSolution
		HideSolutionNode = FALSE
	EndGlobalSection
	GlobalSection(ExtensibilityGlobals) = postSolution
		SolutionGuid = {87DAC78E-FA97-470C-9B21-D90075E1D647}
	EndGlobalSection
EndGlobal
